
Microsoft Visual Studio Solution File, Format Version 12.00
# Visual Studio Version 16
VisualStudioVersion = 16.0.31624.102
MinimumVisualStudioVersion = 10.0.40219.1
Project("{FAE04EC0-301F-11D3-BF4B-00C04F79EFBC}") = "Tatyrkova.Eshop.Web", "Tatyrkova.Eshop.Web\Tatyrkova.Eshop.Web.csproj", "{39D2F2AB-60E0-42C8-80C9-0FFA01FE927C}"
EndProject
Global
	GlobalSection(SolutionConfigurationPlatforms) = preSolution
		Debug|Any CPU = Debug|Any CPU
		Release|Any CPU = Release|Any CPU
	EndGlobalSection
	GlobalSection(ProjectConfigurationPlatforms) = postSolution
		{39D2F2AB-60E0-42C8-80C9-0FFA01FE927C}.Debug|Any CPU.ActiveCfg = Debug|Any CPU
		{39D2F2AB-60E0-42C8-80C9-0FFA01FE927C}.Debug|Any CPU.Build.0 = Debug|Any CPU
		{39D2F2AB-60E0-42C8-80C9-0FFA01FE927C}.Release|Any CPU.ActiveCfg = Release|Any CPU
		{39D2F2AB-60E0-42C8-80C9-0FFA01FE927C}.Release|Any CPU.Build.0 = Release|Any CPU
	EndGlobalSection
	GlobalSection(SolutionProperties) = preSolution
		HideSolutionNode = FALSE
	EndGlobalSection
	GlobalSection(ExtensibilityGlobals) = postSolution
		SolutionGuid = {B4143490-3C8E-4AE8-847F-2DC4F95BF93B}
	EndGlobalSection
EndGlobal
